
Microsoft Visual Studio Solution File, Format Version 12.00
# Visual Studio Version 17
VisualStudioVersion = 17.11.35327.3
MinimumVisualStudioVersion = 10.0.40219.1
Project("{FAE04EC0-301F-11D3-BF4B-00C04F79EFBC}") = "Como tratar uma excecao", "Como tratar uma excecao\Como tratar uma excecao.csproj", "{1239F64E-024B-4FB2-9FE1-4E7DE30B022C}"
EndProject
Global
	GlobalSection(SolutionConfigurationPlatforms) = preSolution
		Debug|Any CPU = Debug|Any CPU
		Release|Any CPU = Release|Any CPU
	EndGlobalSection
	GlobalSection(ProjectConfigurationPlatforms) = postSolution
		{1239F64E-024B-4FB2-9FE1-4E7DE30B022C}.Debug|Any CPU.ActiveCfg = Debug|Any CPU
		{1239F64E-024B-4FB2-9FE1-4E7DE30B022C}.Debug|Any CPU.Build.0 = Debug|Any CPU
		{1239F64E-024B-4FB2-9FE1-4E7DE30B022C}.Release|Any CPU.ActiveCfg = Release|Any CPU
		{1239F64E-024B-4FB2-9FE1-4E7DE30B022C}.Release|Any CPU.Build.0 = Release|Any CPU
	EndGlobalSection
	GlobalSection(SolutionProperties) = preSolution
		HideSolutionNode = FALSE
	EndGlobalSection
	GlobalSection(ExtensibilityGlobals) = postSolution
		SolutionGuid = {BA9ECE6F-B4B6-4E35-8158-F44CC5A75080}
	EndGlobalSection
EndGlobal
