
Microsoft Visual Studio Solution File, Format Version 12.00
# Visual Studio Version 17
VisualStudioVersion = 17.11.35312.102
MinimumVisualStudioVersion = 10.0.40219.1
Project("{FAE04EC0-301F-11D3-BF4B-00C04F79EFBC}") = "Manipulacao de arquivos 1", "Manipulacao de arquivos 1\Manipulacao de arquivos 1.csproj", "{931451E0-1CFD-4403-B7D2-A76A5BE2CF52}"
EndProject
Global
	GlobalSection(SolutionConfigurationPlatforms) = preSolution
		Debug|Any CPU = Debug|Any CPU
		Release|Any CPU = Release|Any CPU
	EndGlobalSection
	GlobalSection(ProjectConfigurationPlatforms) = postSolution
		{931451E0-1CFD-4403-B7D2-A76A5BE2CF52}.Debug|Any CPU.ActiveCfg = Debug|Any CPU
		{931451E0-1CFD-4403-B7D2-A76A5BE2CF52}.Debug|Any CPU.Build.0 = Debug|Any CPU
		{931451E0-1CFD-4403-B7D2-A76A5BE2CF52}.Release|Any CPU.ActiveCfg = Release|Any CPU
		{931451E0-1CFD-4403-B7D2-A76A5BE2CF52}.Release|Any CPU.Build.0 = Release|Any CPU
	EndGlobalSection
	GlobalSection(SolutionProperties) = preSolution
		HideSolutionNode = FALSE
	EndGlobalSection
	GlobalSection(ExtensibilityGlobals) = postSolution
		SolutionGuid = {B026A67E-50A8-48CD-9024-7384F0D3EFC6}
	EndGlobalSection
EndGlobal
