
Microsoft Visual Studio Solution File, Format Version 12.00
# Visual Studio Version 17
VisualStudioVersion = 17.11.35312.102
MinimumVisualStudioVersion = 10.0.40219.1
Project("{FAE04EC0-301F-11D3-BF4B-00C04F79EFBC}") = "metodos", "metodos\metodos.csproj", "{7B67974E-8B87-41ED-95B0-0225A9EDD0DC}"
EndProject
Global
	GlobalSection(SolutionConfigurationPlatforms) = preSolution
		Debug|Any CPU = Debug|Any CPU
		Release|Any CPU = Release|Any CPU
	EndGlobalSection
	GlobalSection(ProjectConfigurationPlatforms) = postSolution
		{7B67974E-8B87-41ED-95B0-0225A9EDD0DC}.Debug|Any CPU.ActiveCfg = Debug|Any CPU
		{7B67974E-8B87-41ED-95B0-0225A9EDD0DC}.Debug|Any CPU.Build.0 = Debug|Any CPU
		{7B67974E-8B87-41ED-95B0-0225A9EDD0DC}.Release|Any CPU.ActiveCfg = Release|Any CPU
		{7B67974E-8B87-41ED-95B0-0225A9EDD0DC}.Release|Any CPU.Build.0 = Release|Any CPU
	EndGlobalSection
	GlobalSection(SolutionProperties) = preSolution
		HideSolutionNode = FALSE
	EndGlobalSection
	GlobalSection(ExtensibilityGlobals) = postSolution
		SolutionGuid = {84051925-4376-4141-A5A5-14D87A0754E1}
	EndGlobalSection
EndGlobal
