
Microsoft Visual Studio Solution File, Format Version 12.00
# Visual Studio Version 17
VisualStudioVersion = 17.12.35527.113 d17.12
MinimumVisualStudioVersion = 10.0.40219.1
Project("{FAE04EC0-301F-11D3-BF4B-00C04F79EFBC}") = "Carregando DLL dinamicamente", "Carregando DLL dinamicamente\Carregando DLL dinamicamente.csproj", "{DE3F1DA7-A4FA-4345-BD8A-BBC38CB7178D}"
EndProject
Global
	GlobalSection(SolutionConfigurationPlatforms) = preSolution
		Debug|Any CPU = Debug|Any CPU
		Release|Any CPU = Release|Any CPU
	EndGlobalSection
	GlobalSection(ProjectConfigurationPlatforms) = postSolution
		{DE3F1DA7-A4FA-4345-BD8A-BBC38CB7178D}.Debug|Any CPU.ActiveCfg = Debug|Any CPU
		{DE3F1DA7-A4FA-4345-BD8A-BBC38CB7178D}.Debug|Any CPU.Build.0 = Debug|Any CPU
		{DE3F1DA7-A4FA-4345-BD8A-BBC38CB7178D}.Release|Any CPU.ActiveCfg = Release|Any CPU
		{DE3F1DA7-A4FA-4345-BD8A-BBC38CB7178D}.Release|Any CPU.Build.0 = Release|Any CPU
	EndGlobalSection
	GlobalSection(SolutionProperties) = preSolution
		HideSolutionNode = FALSE
	EndGlobalSection
EndGlobal
