
Microsoft Visual Studio Solution File, Format Version 12.00
# Visual Studio Version 17
VisualStudioVersion = 17.12.35527.113 d17.12
MinimumVisualStudioVersion = 10.0.40219.1
Project("{FAE04EC0-301F-11D3-BF4B-00C04F79EFBC}") = "ComboBox e ListBox", "ComboBox e ListBox\ComboBox e ListBox.csproj", "{84003B16-7174-41E3-A0B2-5BA12A92CE4B}"
EndProject
Global
	GlobalSection(SolutionConfigurationPlatforms) = preSolution
		Debug|Any CPU = Debug|Any CPU
		Release|Any CPU = Release|Any CPU
	EndGlobalSection
	GlobalSection(ProjectConfigurationPlatforms) = postSolution
		{84003B16-7174-41E3-A0B2-5BA12A92CE4B}.Debug|Any CPU.ActiveCfg = Debug|Any CPU
		{84003B16-7174-41E3-A0B2-5BA12A92CE4B}.Debug|Any CPU.Build.0 = Debug|Any CPU
		{84003B16-7174-41E3-A0B2-5BA12A92CE4B}.Release|Any CPU.ActiveCfg = Release|Any CPU
		{84003B16-7174-41E3-A0B2-5BA12A92CE4B}.Release|Any CPU.Build.0 = Release|Any CPU
	EndGlobalSection
	GlobalSection(SolutionProperties) = preSolution
		HideSolutionNode = FALSE
	EndGlobalSection
EndGlobal
