
Microsoft Visual Studio Solution File, Format Version 12.00
# Visual Studio Version 17
VisualStudioVersion = 17.11.35327.3
MinimumVisualStudioVersion = 10.0.40219.1
Project("{FAE04EC0-301F-11D3-BF4B-00C04F79EFBC}") = "Criando um projeto DLL", "Criando um projeto DLL\Criando um projeto DLL.csproj", "{483C63DD-FF18-402D-B15B-D831DB3436EA}"
EndProject
Global
	GlobalSection(SolutionConfigurationPlatforms) = preSolution
		Debug|Any CPU = Debug|Any CPU
		Release|Any CPU = Release|Any CPU
	EndGlobalSection
	GlobalSection(ProjectConfigurationPlatforms) = postSolution
		{483C63DD-FF18-402D-B15B-D831DB3436EA}.Debug|Any CPU.ActiveCfg = Debug|Any CPU
		{483C63DD-FF18-402D-B15B-D831DB3436EA}.Debug|Any CPU.Build.0 = Debug|Any CPU
		{483C63DD-FF18-402D-B15B-D831DB3436EA}.Release|Any CPU.ActiveCfg = Release|Any CPU
		{483C63DD-FF18-402D-B15B-D831DB3436EA}.Release|Any CPU.Build.0 = Release|Any CPU
	EndGlobalSection
	GlobalSection(SolutionProperties) = preSolution
		HideSolutionNode = FALSE
	EndGlobalSection
	GlobalSection(ExtensibilityGlobals) = postSolution
		SolutionGuid = {5E1C72DF-A769-48FD-B430-B591C191A5CE}
	EndGlobalSection
EndGlobal
