
Microsoft Visual Studio Solution File, Format Version 12.00
# Visual Studio Version 17
VisualStudioVersion = 17.11.35327.3
MinimumVisualStudioVersion = 10.0.40219.1
Project("{FAE04EC0-301F-11D3-BF4B-00C04F79EFBC}") = "Manipulação de arquivos", "Manipulação de arquivos\Manipulação de arquivos.csproj", "{B08F8D5B-22C6-452E-BCAD-64D32749BBEF}"
EndProject
Global
	GlobalSection(SolutionConfigurationPlatforms) = preSolution
		Debug|Any CPU = Debug|Any CPU
		Release|Any CPU = Release|Any CPU
	EndGlobalSection
	GlobalSection(ProjectConfigurationPlatforms) = postSolution
		{B08F8D5B-22C6-452E-BCAD-64D32749BBEF}.Debug|Any CPU.ActiveCfg = Debug|Any CPU
		{B08F8D5B-22C6-452E-BCAD-64D32749BBEF}.Debug|Any CPU.Build.0 = Debug|Any CPU
		{B08F8D5B-22C6-452E-BCAD-64D32749BBEF}.Release|Any CPU.ActiveCfg = Release|Any CPU
		{B08F8D5B-22C6-452E-BCAD-64D32749BBEF}.Release|Any CPU.Build.0 = Release|Any CPU
	EndGlobalSection
	GlobalSection(SolutionProperties) = preSolution
		HideSolutionNode = FALSE
	EndGlobalSection
	GlobalSection(ExtensibilityGlobals) = postSolution
		SolutionGuid = {67B7ED5C-6161-4C0B-B65B-79D5537C68B6}
	EndGlobalSection
EndGlobal
