
Microsoft Visual Studio Solution File, Format Version 12.00
# Visual Studio Version 17
VisualStudioVersion = 17.11.35219.272
MinimumVisualStudioVersion = 10.0.40219.1
Project("{FAE04EC0-301F-11D3-BF4B-00C04F79EFBC}") = "Estrutura de Decisão", "Estrutura de Decisão\Estrutura de Decisão.csproj", "{E3948037-D90F-4281-97CB-34CBE4A5C6E0}"
EndProject
Global
	GlobalSection(SolutionConfigurationPlatforms) = preSolution
		Debug|Any CPU = Debug|Any CPU
		Release|Any CPU = Release|Any CPU
	EndGlobalSection
	GlobalSection(ProjectConfigurationPlatforms) = postSolution
		{E3948037-D90F-4281-97CB-34CBE4A5C6E0}.Debug|Any CPU.ActiveCfg = Debug|Any CPU
		{E3948037-D90F-4281-97CB-34CBE4A5C6E0}.Debug|Any CPU.Build.0 = Debug|Any CPU
		{E3948037-D90F-4281-97CB-34CBE4A5C6E0}.Release|Any CPU.ActiveCfg = Release|Any CPU
		{E3948037-D90F-4281-97CB-34CBE4A5C6E0}.Release|Any CPU.Build.0 = Release|Any CPU
	EndGlobalSection
	GlobalSection(SolutionProperties) = preSolution
		HideSolutionNode = FALSE
	EndGlobalSection
	GlobalSection(ExtensibilityGlobals) = postSolution
		SolutionGuid = {AE03F715-2ABC-4580-9CFE-33083BACE03A}
	EndGlobalSection
EndGlobal
