
Microsoft Visual Studio Solution File, Format Version 12.00
# Visual Studio Version 17
VisualStudioVersion = 17.11.35312.102
MinimumVisualStudioVersion = 10.0.40219.1
Project("{FAE04EC0-301F-11D3-BF4B-00C04F79EFBC}") = "Introducao a programação  orientada a objetos", "Introducao a programação  orientada a objetos\Introducao a programação  orientada a objetos.csproj", "{2B4D246A-994A-4C29-AB1A-791F96D29141}"
EndProject
Global
	GlobalSection(SolutionConfigurationPlatforms) = preSolution
		Debug|Any CPU = Debug|Any CPU
		Release|Any CPU = Release|Any CPU
	EndGlobalSection
	GlobalSection(ProjectConfigurationPlatforms) = postSolution
		{2B4D246A-994A-4C29-AB1A-791F96D29141}.Debug|Any CPU.ActiveCfg = Debug|Any CPU
		{2B4D246A-994A-4C29-AB1A-791F96D29141}.Debug|Any CPU.Build.0 = Debug|Any CPU
		{2B4D246A-994A-4C29-AB1A-791F96D29141}.Release|Any CPU.ActiveCfg = Release|Any CPU
		{2B4D246A-994A-4C29-AB1A-791F96D29141}.Release|Any CPU.Build.0 = Release|Any CPU
	EndGlobalSection
	GlobalSection(SolutionProperties) = preSolution
		HideSolutionNode = FALSE
	EndGlobalSection
	GlobalSection(ExtensibilityGlobals) = postSolution
		SolutionGuid = {98B938A6-ECEC-432F-A1EF-0ABF8A27119E}
	EndGlobalSection
EndGlobal
