
Microsoft Visual Studio Solution File, Format Version 12.00
# Visual Studio Version 17
VisualStudioVersion = 17.11.35312.102
MinimumVisualStudioVersion = 10.0.40219.1
Project("{FAE04EC0-301F-11D3-BF4B-00C04F79EFBC}") = "Projeto console login", "Projeto console login\Projeto console login.csproj", "{0BD7C6FA-BADF-4A4B-9F9E-FA8D332617A1}"
EndProject
Global
	GlobalSection(SolutionConfigurationPlatforms) = preSolution
		Debug|Any CPU = Debug|Any CPU
		Release|Any CPU = Release|Any CPU
	EndGlobalSection
	GlobalSection(ProjectConfigurationPlatforms) = postSolution
		{0BD7C6FA-BADF-4A4B-9F9E-FA8D332617A1}.Debug|Any CPU.ActiveCfg = Debug|Any CPU
		{0BD7C6FA-BADF-4A4B-9F9E-FA8D332617A1}.Debug|Any CPU.Build.0 = Debug|Any CPU
		{0BD7C6FA-BADF-4A4B-9F9E-FA8D332617A1}.Release|Any CPU.ActiveCfg = Release|Any CPU
		{0BD7C6FA-BADF-4A4B-9F9E-FA8D332617A1}.Release|Any CPU.Build.0 = Release|Any CPU
	EndGlobalSection
	GlobalSection(SolutionProperties) = preSolution
		HideSolutionNode = FALSE
	EndGlobalSection
	GlobalSection(ExtensibilityGlobals) = postSolution
		SolutionGuid = {3C239246-3CDD-48B7-B39D-987B53B73D1D}
	EndGlobalSection
EndGlobal
