
Microsoft Visual Studio Solution File, Format Version 12.00
# Visual Studio Version 17
VisualStudioVersion = 17.11.35327.3
MinimumVisualStudioVersion = 10.0.40219.1
Project("{FAE04EC0-301F-11D3-BF4B-00C04F79EFBC}") = "Propriedades de classe", "Propriedades de classe\Propriedades de classe.csproj", "{C529E8C2-09E9-48D9-AAF3-08B5E3934910}"
EndProject
Global
	GlobalSection(SolutionConfigurationPlatforms) = preSolution
		Debug|Any CPU = Debug|Any CPU
		Release|Any CPU = Release|Any CPU
	EndGlobalSection
	GlobalSection(ProjectConfigurationPlatforms) = postSolution
		{C529E8C2-09E9-48D9-AAF3-08B5E3934910}.Debug|Any CPU.ActiveCfg = Debug|Any CPU
		{C529E8C2-09E9-48D9-AAF3-08B5E3934910}.Debug|Any CPU.Build.0 = Debug|Any CPU
		{C529E8C2-09E9-48D9-AAF3-08B5E3934910}.Release|Any CPU.ActiveCfg = Release|Any CPU
		{C529E8C2-09E9-48D9-AAF3-08B5E3934910}.Release|Any CPU.Build.0 = Release|Any CPU
	EndGlobalSection
	GlobalSection(SolutionProperties) = preSolution
		HideSolutionNode = FALSE
	EndGlobalSection
	GlobalSection(ExtensibilityGlobals) = postSolution
		SolutionGuid = {8D924450-29A1-4524-80AB-54F3C6C4C2A6}
	EndGlobalSection
EndGlobal
