
Microsoft Visual Studio Solution File, Format Version 12.00
# Visual Studio Version 17
VisualStudioVersion = 17.11.35312.102
MinimumVisualStudioVersion = 10.0.40219.1
Project("{FAE04EC0-301F-11D3-BF4B-00C04F79EFBC}") = "manipulacao de strings", "manipulacao de strings\manipulacao de strings.csproj", "{D70D2ABB-245E-4D12-BEE7-954732BC7859}"
EndProject
Global
	GlobalSection(SolutionConfigurationPlatforms) = preSolution
		Debug|Any CPU = Debug|Any CPU
		Release|Any CPU = Release|Any CPU
	EndGlobalSection
	GlobalSection(ProjectConfigurationPlatforms) = postSolution
		{D70D2ABB-245E-4D12-BEE7-954732BC7859}.Debug|Any CPU.ActiveCfg = Debug|Any CPU
		{D70D2ABB-245E-4D12-BEE7-954732BC7859}.Debug|Any CPU.Build.0 = Debug|Any CPU
		{D70D2ABB-245E-4D12-BEE7-954732BC7859}.Release|Any CPU.ActiveCfg = Release|Any CPU
		{D70D2ABB-245E-4D12-BEE7-954732BC7859}.Release|Any CPU.Build.0 = Release|Any CPU
	EndGlobalSection
	GlobalSection(SolutionProperties) = preSolution
		HideSolutionNode = FALSE
	EndGlobalSection
	GlobalSection(ExtensibilityGlobals) = postSolution
		SolutionGuid = {0146DC38-F9DC-43BC-A9BF-AFBC48CA032F}
	EndGlobalSection
EndGlobal
