
Microsoft Visual Studio Solution File, Format Version 12.00
# Visual Studio Version 17
VisualStudioVersion = 17.11.35312.102
MinimumVisualStudioVersion = 10.0.40219.1
Project("{FAE04EC0-301F-11D3-BF4B-00C04F79EFBC}") = "Quarto Projeto", "Quarto Projeto\Quarto Projeto.csproj", "{CD0F9CBB-1812-4F2A-A88E-FF05F2D17350}"
EndProject
Global
	GlobalSection(SolutionConfigurationPlatforms) = preSolution
		Debug|Any CPU = Debug|Any CPU
		Release|Any CPU = Release|Any CPU
	EndGlobalSection
	GlobalSection(ProjectConfigurationPlatforms) = postSolution
		{CD0F9CBB-1812-4F2A-A88E-FF05F2D17350}.Debug|Any CPU.ActiveCfg = Debug|Any CPU
		{CD0F9CBB-1812-4F2A-A88E-FF05F2D17350}.Debug|Any CPU.Build.0 = Debug|Any CPU
		{CD0F9CBB-1812-4F2A-A88E-FF05F2D17350}.Release|Any CPU.ActiveCfg = Release|Any CPU
		{CD0F9CBB-1812-4F2A-A88E-FF05F2D17350}.Release|Any CPU.Build.0 = Release|Any CPU
	EndGlobalSection
	GlobalSection(SolutionProperties) = preSolution
		HideSolutionNode = FALSE
	EndGlobalSection
	GlobalSection(ExtensibilityGlobals) = postSolution
		SolutionGuid = {DB36FD1C-BEC5-49C8-B534-2C6958EF3C1A}
	EndGlobalSection
EndGlobal
