
Microsoft Visual Studio Solution File, Format Version 12.00
# Visual Studio Version 17
VisualStudioVersion = 17.11.35312.102
MinimumVisualStudioVersion = 10.0.40219.1
Project("{FAE04EC0-301F-11D3-BF4B-00C04F79EFBC}") = "teste123", "teste123\teste123.csproj", "{582FBE1B-B790-4567-A334-3DF569B882BE}"
EndProject
Global
	GlobalSection(SolutionConfigurationPlatforms) = preSolution
		Debug|Any CPU = Debug|Any CPU
		Release|Any CPU = Release|Any CPU
	EndGlobalSection
	GlobalSection(ProjectConfigurationPlatforms) = postSolution
		{582FBE1B-B790-4567-A334-3DF569B882BE}.Debug|Any CPU.ActiveCfg = Debug|Any CPU
		{582FBE1B-B790-4567-A334-3DF569B882BE}.Debug|Any CPU.Build.0 = Debug|Any CPU
		{582FBE1B-B790-4567-A334-3DF569B882BE}.Release|Any CPU.ActiveCfg = Release|Any CPU
		{582FBE1B-B790-4567-A334-3DF569B882BE}.Release|Any CPU.Build.0 = Release|Any CPU
	EndGlobalSection
	GlobalSection(SolutionProperties) = preSolution
		HideSolutionNode = FALSE
	EndGlobalSection
	GlobalSection(ExtensibilityGlobals) = postSolution
		SolutionGuid = {F6C8E62B-9E8C-4391-8AE4-97EA7F836C0D}
	EndGlobalSection
EndGlobal
